
Microsoft Visual Studio Solution File, Format Version 12.00
# Visual Studio Version 17
VisualStudioVersion = 17.0.32014.148
MinimumVisualStudioVersion = 10.0.40219.1
Project("{FAE04EC0-301F-11D3-BF4B-00C04F79EFBC}") = "ASP.NET  core tutorial project", "ASP.NET  core tutorial project\ASP.NET  core tutorial project.csproj", "{62BFDBD9-8DDA-429F-923C-C49644BA9C7D}"
EndProject
Global
	GlobalSection(SolutionConfigurationPlatforms) = preSolution
		Debug|Any CPU = Debug|Any CPU
		Release|Any CPU = Release|Any CPU
	EndGlobalSection
	GlobalSection(ProjectConfigurationPlatforms) = postSolution
		{62BFDBD9-8DDA-429F-923C-C49644BA9C7D}.Debug|Any CPU.ActiveCfg = Debug|Any CPU
		{62BFDBD9-8DDA-429F-923C-C49644BA9C7D}.Debug|Any CPU.Build.0 = Debug|Any CPU
		{62BFDBD9-8DDA-429F-923C-C49644BA9C7D}.Release|Any CPU.ActiveCfg = Release|Any CPU
		{62BFDBD9-8DDA-429F-923C-C49644BA9C7D}.Release|Any CPU.Build.0 = Release|Any CPU
	EndGlobalSection
	GlobalSection(SolutionProperties) = preSolution
		HideSolutionNode = FALSE
	EndGlobalSection
	GlobalSection(ExtensibilityGlobals) = postSolution
		SolutionGuid = {F26FEACD-555B-44CB-910E-E67ADF087A67}
	EndGlobalSection
EndGlobal
